
Microsoft Visual Studio Solution File, Format Version 12.00
Project("{FAE04EC0-301F-11D3-BF4B-00C04F79EFBC}") = "AkaShi.WebAPI", "AkaShi.WebAPI\AkaShi.WebAPI.csproj", "{DD566091-6955-418E-AF41-465B0543E484}"
EndProject
Project("{FAE04EC0-301F-11D3-BF4B-00C04F79EFBC}") = "AkaShi.Infrastructure", "AkaShi.Infrastructure\AkaShi.Infrastructure.csproj", "{09780DC1-A6FE-4C23-BAC0-7DD5BAB3CA2C}"
EndProject
Project("{FAE04EC0-301F-11D3-BF4B-00C04F79EFBC}") = "AkaShi.Core", "AkaShi.Core\AkaShi.Core.csproj", "{F292C9AE-AFAE-41AF-88E9-BAA51D7600C4}"
EndProject
Global
	GlobalSection(SolutionConfigurationPlatforms) = preSolution
		Debug|Any CPU = Debug|Any CPU
		Release|Any CPU = Release|Any CPU
	EndGlobalSection
	GlobalSection(ProjectConfigurationPlatforms) = postSolution
		{DD566091-6955-418E-AF41-465B0543E484}.Debug|Any CPU.ActiveCfg = Debug|Any CPU
		{DD566091-6955-418E-AF41-465B0543E484}.Debug|Any CPU.Build.0 = Debug|Any CPU
		{DD566091-6955-418E-AF41-465B0543E484}.Release|Any CPU.ActiveCfg = Release|Any CPU
		{DD566091-6955-418E-AF41-465B0543E484}.Release|Any CPU.Build.0 = Release|Any CPU
		{09780DC1-A6FE-4C23-BAC0-7DD5BAB3CA2C}.Debug|Any CPU.ActiveCfg = Debug|Any CPU
		{09780DC1-A6FE-4C23-BAC0-7DD5BAB3CA2C}.Debug|Any CPU.Build.0 = Debug|Any CPU
		{09780DC1-A6FE-4C23-BAC0-7DD5BAB3CA2C}.Release|Any CPU.ActiveCfg = Release|Any CPU
		{09780DC1-A6FE-4C23-BAC0-7DD5BAB3CA2C}.Release|Any CPU.Build.0 = Release|Any CPU
		{F292C9AE-AFAE-41AF-88E9-BAA51D7600C4}.Debug|Any CPU.ActiveCfg = Debug|Any CPU
		{F292C9AE-AFAE-41AF-88E9-BAA51D7600C4}.Debug|Any CPU.Build.0 = Debug|Any CPU
		{F292C9AE-AFAE-41AF-88E9-BAA51D7600C4}.Release|Any CPU.ActiveCfg = Release|Any CPU
		{F292C9AE-AFAE-41AF-88E9-BAA51D7600C4}.Release|Any CPU.Build.0 = Release|Any CPU
	EndGlobalSection
EndGlobal
